{
  "version": 1,
  "dependencies": {
    ".NETnanoFramework,Version=v1.0": {
      "nanoFramework.CoreLibrary": {
        "type": "Direct",
        "requested": "[1.16.1, 1.16.1]",
        "resolved": "1.16.1",
        "contentHash": "pUQR6+CuheWC6UXkiIXhmknPkm50OYuKs6TcIBieV50D1R991QSJUFWjM1AixT/37REh8rzx2OAPgX6YDs06zA=="
      },
      "nanoFramework.Runtime.Events": {
        "type": "Direct",
        "requested": "[1.11.26, 1.11.26]",
        "resolved": "1.11.26",
        "contentHash": "xFkgVKv2mnTEwXwNS3lqf2TH4b26TZhq1gqCWPCmLnA6tEpfNP6dpWkm9kwrQ7R2VIdDOtyi3CZhLNAB2bPARg=="
      },
      "nanoFramework.Runtime.Native": {
        "type": "Direct",
        "requested": "[1.7.7, 1.7.7]",
        "resolved": "1.7.7",
        "contentHash": "a38L9TxDdaZLYlgFShpwWOPjG2L0Su9tVOoFSq1v+nm5hU5mkxU5hEOykmEV4aGJEE2NvJkN+fj6LlZNyF/vHA=="
      },
      "nanoFramework.System.Device.Gpio": {
        "type": "Direct",
        "requested": "[1.1.41, 1.1.41]",
        "resolved": "1.1.41",
        "contentHash": "5QnpdfvjxOvka2S5IHSdKudWmkH+CDQ3TFFuXOGuNlgZJFsAx0/k5zuwgJYkxIyGbL8kdcjBWLyDNdihjA1pUg=="
      },
      "nanoFramework.System.Device.Pwm": {
        "type": "Direct",
        "requested": "[1.1.19, 1.1.19]",
        "resolved": "1.1.19",
        "contentHash": "I0ZzEZ7VCBKFUyAnP6/mq4JRAhexyYc+T7ly7BDMU2BqnGdsh5biP0y+UV6nftt/V7erkTlksjg/+c4ZCx2GGw=="
      },
      "nanoFramework.System.Diagnostics.Stopwatch": {
        "type": "Direct",
        "requested": "[1.2.693, 1.2.693]",
        "resolved": "1.2.693",
        "contentHash": "kQZz3IkEjNg5MokmA2Xy2ddZQ66QwWLUAi+kbCwzUmf8CrPfmbly88zZQsSv66Dr7Nipw9QLUhcLatrsNJg6XQ=="
      },
      "nanoFramework.System.Math": {
        "type": "Direct",
        "requested": "[1.5.86, 1.5.86]",
        "resolved": "1.5.86",
        "contentHash": "C2AKzDcu7bC7lZ+ZBsZRH4tP3dpUrd3auIWzuUCI+7E9f25snT+HoXChJfEykHeDWKcXF8RQePGRcIyHcphCNg=="
      }
    }
  }
}